// !$*UTF8*$!
{
	archiveVersion = 1;
	classes = {
	};
	objectVersion = 56;
	objects = {

/* Begin PBXBuildFile section */
		0A207F9729A276AA0049CD88 /* SelectDeviceView.swift in Sources */ = {isa = PBXBuildFile; fileRef = 0A207F9629A276AA0049CD88 /* SelectDeviceView.swift */; };
		0A207F9929A282FB0049CD88 /* PeripheralCommunication.swift in Sources */ = {isa = PBXBuildFile; fileRef = 0A207F9829A282FB0049CD88 /* PeripheralCommunication.swift */; };
		0A207F9B29A298A50049CD88 /* BluetoothDisabledView.swift in Sources */ = {isa = PBXBuildFile; fileRef = 0A207F9A29A298A50049CD88 /* BluetoothDisabledView.swift */; };
		0A207F9E29A2B0D20049CD88 /* MeasurementData.swift in Sources */ = {isa = PBXBuildFile; fileRef = 0A207F9D29A2B0D20049CD88 /* MeasurementData.swift */; };
		0A53C8CB29DF937A0040DB73 /* MeasurementAnalyzer.swift in Sources */ = {isa = PBXBuildFile; fileRef = 0A53C8CA29DF937A0040DB73 /* MeasurementAnalyzer.swift */; };
		0AB9B98029DF6FAF00B1EBEA /* Helpers.swift in Sources */ = {isa = PBXBuildFile; fileRef = 0AB9B97F29DF6FAF00B1EBEA /* Helpers.swift */; };
		0AC28BF029A273FC00EEE8FB /* OpenPhyboxSwiftApp.swift in Sources */ = {isa = PBXBuildFile; fileRef = 0AC28BEF29A273FC00EEE8FB /* OpenPhyboxSwiftApp.swift */; };
		0AC28BF229A273FC00EEE8FB /* ContentView.swift in Sources */ = {isa = PBXBuildFile; fileRef = 0AC28BF129A273FC00EEE8FB /* ContentView.swift */; };
		0AC28BF429A273FD00EEE8FB /* Assets.xcassets in Resources */ = {isa = PBXBuildFile; fileRef = 0AC28BF329A273FD00EEE8FB /* Assets.xcassets */; };
		0AC28BF829A273FD00EEE8FB /* Preview Assets.xcassets in Resources */ = {isa = PBXBuildFile; fileRef = 0AC28BF729A273FD00EEE8FB /* Preview Assets.xcassets */; };
/* End PBXBuildFile section */

/* Begin PBXFileReference section */
		0A188FED29FA56B700AB63C3 /* Info.plist */ = {isa = PBXFileReference; lastKnownFileType = text.plist; path = Info.plist; sourceTree = "<group>"; };
		0A207F9629A276AA0049CD88 /* SelectDeviceView.swift */ = {isa = PBXFileReference; lastKnownFileType = sourcecode.swift; path = SelectDeviceView.swift; sourceTree = "<group>"; };
		0A207F9829A282FB0049CD88 /* PeripheralCommunication.swift */ = {isa = PBXFileReference; lastKnownFileType = sourcecode.swift; path = PeripheralCommunication.swift; sourceTree = "<group>"; };
		0A207F9A29A298A50049CD88 /* BluetoothDisabledView.swift */ = {isa = PBXFileReference; lastKnownFileType = sourcecode.swift; path = BluetoothDisabledView.swift; sourceTree = "<group>"; };
		0A207F9D29A2B0D20049CD88 /* MeasurementData.swift */ = {isa = PBXFileReference; lastKnownFileType = sourcecode.swift; path = MeasurementData.swift; sourceTree = "<group>"; };
		0A53C8CA29DF937A0040DB73 /* MeasurementAnalyzer.swift */ = {isa = PBXFileReference; lastKnownFileType = sourcecode.swift; path = MeasurementAnalyzer.swift; sourceTree = "<group>"; };
		0AB9B97F29DF6FAF00B1EBEA /* Helpers.swift */ = {isa = PBXFileReference; lastKnownFileType = sourcecode.swift; path = Helpers.swift; sourceTree = "<group>"; };
		0AC28BEC29A273FC00EEE8FB /* OpenPhyboxSwift.app */ = {isa = PBXFileReference; explicitFileType = wrapper.application; includeInIndex = 0; path = OpenPhyboxSwift.app; sourceTree = BUILT_PRODUCTS_DIR; };
		0AC28BEF29A273FC00EEE8FB /* OpenPhyboxSwiftApp.swift */ = {isa = PBXFileReference; lastKnownFileType = sourcecode.swift; path = OpenPhyboxSwiftApp.swift; sourceTree = "<group>"; };
		0AC28BF129A273FC00EEE8FB /* ContentView.swift */ = {isa = PBXFileReference; lastKnownFileType = sourcecode.swift; path = ContentView.swift; sourceTree = "<group>"; };
		0AC28BF329A273FD00EEE8FB /* Assets.xcassets */ = {isa = PBXFileReference; lastKnownFileType = folder.assetcatalog; path = Assets.xcassets; sourceTree = "<group>"; };
		0AC28BF529A273FD00EEE8FB /* OpenPhyboxSwift.entitlements */ = {isa = PBXFileReference; lastKnownFileType = text.plist.entitlements; path = OpenPhyboxSwift.entitlements; sourceTree = "<group>"; };
		0AC28BF729A273FD00EEE8FB /* Preview Assets.xcassets */ = {isa = PBXFileReference; lastKnownFileType = folder.assetcatalog; path = "Preview Assets.xcassets"; sourceTree = "<group>"; };
/* End PBXFileReference section */

/* Begin PBXFrameworksBuildPhase section */
		0AC28BE929A273FC00EEE8FB /* Frameworks */ = {
			isa = PBXFrameworksBuildPhase;
			buildActionMask = 2147483647;
			files = (
			);
			runOnlyForDeploymentPostprocessing = 0;
		};
/* End PBXFrameworksBuildPhase section */

/* Begin PBXGroup section */
		0A207F9429A275A00049CD88 /* Views */ = {
			isa = PBXGroup;
			children = (
				0AC28BF129A273FC00EEE8FB /* ContentView.swift */,
				0A207F9629A276AA0049CD88 /* SelectDeviceView.swift */,
				0A207F9A29A298A50049CD88 /* BluetoothDisabledView.swift */,
			);
			path = Views;
			sourceTree = "<group>";
		};
		0A207F9C29A2B0170049CD88 /* Entities */ = {
			isa = PBXGroup;
			children = (
				0A207F9D29A2B0D20049CD88 /* MeasurementData.swift */,
			);
			path = Entities;
			sourceTree = "<group>";
		};
		0AC28BE329A273FC00EEE8FB = {
			isa = PBXGroup;
			children = (
				0AC28BEE29A273FC00EEE8FB /* OpenPhyboxSwift */,
				0AC28BED29A273FC00EEE8FB /* Products */,
			);
			sourceTree = "<group>";
		};
		0AC28BED29A273FC00EEE8FB /* Products */ = {
			isa = PBXGroup;
			children = (
				0AC28BEC29A273FC00EEE8FB /* OpenPhyboxSwift.app */,
			);
			name = Products;
			sourceTree = "<group>";
		};
		0AC28BEE29A273FC00EEE8FB /* OpenPhyboxSwift */ = {
			isa = PBXGroup;
			children = (
				0A188FED29FA56B700AB63C3 /* Info.plist */,
				0AB9B97F29DF6FAF00B1EBEA /* Helpers.swift */,
				0A207F9C29A2B0170049CD88 /* Entities */,
				0A207F9429A275A00049CD88 /* Views */,
				0AC28BFE29A2757800EEE8FB /* Services */,
				0AC28BEF29A273FC00EEE8FB /* OpenPhyboxSwiftApp.swift */,
				0AC28BF329A273FD00EEE8FB /* Assets.xcassets */,
				0AC28BF529A273FD00EEE8FB /* OpenPhyboxSwift.entitlements */,
				0AC28BF629A273FD00EEE8FB /* Preview Content */,
			);
			path = OpenPhyboxSwift;
			sourceTree = "<group>";
		};
		0AC28BF629A273FD00EEE8FB /* Preview Content */ = {
			isa = PBXGroup;
			children = (
				0AC28BF729A273FD00EEE8FB /* Preview Assets.xcassets */,
			);
			path = "Preview Content";
			sourceTree = "<group>";
		};
		0AC28BFE29A2757800EEE8FB /* Services */ = {
			isa = PBXGroup;
			children = (
				0A207F9829A282FB0049CD88 /* PeripheralCommunication.swift */,
				0A53C8CA29DF937A0040DB73 /* MeasurementAnalyzer.swift */,
			);
			path = Services;
			sourceTree = "<group>";
		};
/* End PBXGroup section */

/* Begin PBXNativeTarget section */
		0AC28BEB29A273FC00EEE8FB /* OpenPhyboxSwift */ = {
			isa = PBXNativeTarget;
			buildConfigurationList = 0AC28BFB29A273FD00EEE8FB /* Build configuration list for PBXNativeTarget "OpenPhyboxSwift" */;
			buildPhases = (
				0AC28BE829A273FC00EEE8FB /* Sources */,
				0AC28BE929A273FC00EEE8FB /* Frameworks */,
				0AC28BEA29A273FC00EEE8FB /* Resources */,
			);
			buildRules = (
			);
			dependencies = (
			);
			name = OpenPhyboxSwift;
			packageProductDependencies = (
			);
			productName = OpenPhyboxSwift;
			productReference = 0AC28BEC29A273FC00EEE8FB /* OpenPhyboxSwift.app */;
			productType = "com.apple.product-type.application";
		};
/* End PBXNativeTarget section */

/* Begin PBXProject section */
		0AC28BE429A273FC00EEE8FB /* Project object */ = {
			isa = PBXProject;
			attributes = {
				BuildIndependentTargetsInParallel = 1;
				LastSwiftUpdateCheck = 1420;
				LastUpgradeCheck = 1420;
				TargetAttributes = {
					0AC28BEB29A273FC00EEE8FB = {
						CreatedOnToolsVersion = 14.2;
					};
				};
			};
			buildConfigurationList = 0AC28BE729A273FC00EEE8FB /* Build configuration list for PBXProject "OpenPhyboxSwift" */;
			compatibilityVersion = "Xcode 14.0";
			developmentRegion = en;
			hasScannedForEncodings = 0;
			knownRegions = (
				en,
				Base,
			);
			mainGroup = 0AC28BE329A273FC00EEE8FB;
			packageReferences = (
			);
			productRefGroup = 0AC28BED29A273FC00EEE8FB /* Products */;
			projectDirPath = "";
			projectRoot = "";
			targets = (
				0AC28BEB29A273FC00EEE8FB /* OpenPhyboxSwift */,
			);
		};
/* End PBXProject section */

/* Begin PBXResourcesBuildPhase section */
		0AC28BEA29A273FC00EEE8FB /* Resources */ = {
			isa = PBXResourcesBuildPhase;
			buildActionMask = 2147483647;
			files = (
				0AC28BF829A273FD00EEE8FB /* Preview Assets.xcassets in Resources */,
				0AC28BF429A273FD00EEE8FB /* Assets.xcassets in Resources */,
			);
			runOnlyForDeploymentPostprocessing = 0;
		};
/* End PBXResourcesBuildPhase section */

/* Begin PBXSourcesBuildPhase section */
		0AC28BE829A273FC00EEE8FB /* Sources */ = {
			isa = PBXSourcesBuildPhase;
			buildActionMask = 2147483647;
			files = (
				0A53C8CB29DF937A0040DB73 /* MeasurementAnalyzer.swift in Sources */,
				0A207F9E29A2B0D20049CD88 /* MeasurementData.swift in Sources */,
				0AC28BF229A273FC00EEE8FB /* ContentView.swift in Sources */,
				0A207F9729A276AA0049CD88 /* SelectDeviceView.swift in Sources */,
				0A207F9929A282FB0049CD88 /* PeripheralCommunication.swift in Sources */,
				0A207F9B29A298A50049CD88 /* BluetoothDisabledView.swift in Sources */,
				0AC28BF029A273FC00EEE8FB /* OpenPhyboxSwiftApp.swift in Sources */,
				0AB9B98029DF6FAF00B1EBEA /* Helpers.swift in Sources */,
			);
			runOnlyForDeploymentPostprocessing = 0;
		};
/* End PBXSourcesBuildPhase section */

/* Begin XCBuildConfiguration section */
		0AC28BF929A273FD00EEE8FB /* Debug */ = {
			isa = XCBuildConfiguration;
			buildSettings = {
				ALWAYS_SEARCH_USER_PATHS = NO;
				CLANG_ANALYZER_NONNULL = YES;
				CLANG_ANALYZER_NUMBER_OBJECT_CONVERSION = YES_AGGRESSIVE;
				CLANG_CXX_LANGUAGE_STANDARD = "gnu++20";
				CLANG_ENABLE_MODULES = YES;
				CLANG_ENABLE_OBJC_ARC = YES;
				CLANG_ENABLE_OBJC_WEAK = YES;
				CLANG_WARN_BLOCK_CAPTURE_AUTORELEASING = YES;
				CLANG_WARN_BOOL_CONVERSION = YES;
				CLANG_WARN_COMMA = YES;
				CLANG_WARN_CONSTANT_CONVERSION = YES;
				CLANG_WARN_DEPRECATED_OBJC_IMPLEMENTATIONS = YES;
				CLANG_WARN_DIRECT_OBJC_ISA_USAGE = YES_ERROR;
				CLANG_WARN_DOCUMENTATION_COMMENTS = YES;
				CLANG_WARN_EMPTY_BODY = YES;
				CLANG_WARN_ENUM_CONVERSION = YES;
				CLANG_WARN_INFINITE_RECURSION = YES;
				CLANG_WARN_INT_CONVERSION = YES;
				CLANG_WARN_NON_LITERAL_NULL_CONVERSION = YES;
				CLANG_WARN_OBJC_IMPLICIT_RETAIN_SELF = YES;
				CLANG_WARN_OBJC_LITERAL_CONVERSION = YES;
				CLANG_WARN_OBJC_ROOT_CLASS = YES_ERROR;
				CLANG_WARN_QUOTED_INCLUDE_IN_FRAMEWORK_HEADER = YES;
				CLANG_WARN_RANGE_LOOP_ANALYSIS = YES;
				CLANG_WARN_STRICT_PROTOTYPES = YES;
				CLANG_WARN_SUSPICIOUS_MOVE = YES;
				CLANG_WARN_UNGUARDED_AVAILABILITY = YES_AGGRESSIVE;
				CLANG_WARN_UNREACHABLE_CODE = YES;
				CLANG_WARN__DUPLICATE_METHOD_MATCH = YES;
				COPY_PHASE_STRIP = NO;
				DEBUG_INFORMATION_FORMAT = dwarf;
				ENABLE_STRICT_OBJC_MSGSEND = YES;
				ENABLE_TESTABILITY = YES;
				GCC_C_LANGUAGE_STANDARD = gnu11;
				GCC_DYNAMIC_NO_PIC = NO;
				GCC_NO_COMMON_BLOCKS = YES;
				GCC_OPTIMIZATION_LEVEL = 0;
				GCC_PREPROCESSOR_DEFINITIONS = (
					"DEBUG=1",
					"$(inherited)",
				);
				GCC_WARN_64_TO_32_BIT_CONVERSION = YES;
				GCC_WARN_ABOUT_RETURN_TYPE = YES_ERROR;
				GCC_WARN_UNDECLARED_SELECTOR = YES;
				GCC_WARN_UNINITIALIZED_AUTOS = YES_AGGRESSIVE;
				GCC_WARN_UNUSED_FUNCTION = YES;
				GCC_WARN_UNUSED_VARIABLE = YES;
				MTL_ENABLE_DEBUG_INFO = INCLUDE_SOURCE;
				MTL_FAST_MATH = YES;
				ONLY_ACTIVE_ARCH = YES;
				SWIFT_ACTIVE_COMPILATION_CONDITIONS = DEBUG;
				SWIFT_OPTIMIZATION_LEVEL = "-Onone";
			};
			name = Debug;
		};
		0AC28BFA29A273FD00EEE8FB /* Release */ = {
			isa = XCBuildConfiguration;
			buildSettings = {
				ALWAYS_SEARCH_USER_PATHS = NO;
				CLANG_ANALYZER_NONNULL = YES;
				CLANG_ANALYZER_NUMBER_OBJECT_CONVERSION = YES_AGGRESSIVE;
				CLANG_CXX_LANGUAGE_STANDARD = "gnu++20";
				CLANG_ENABLE_MODULES = YES;
				CLANG_ENABLE_OBJC_ARC = YES;
				CLANG_ENABLE_OBJC_WEAK = YES;
				CLANG_WARN_BLOCK_CAPTURE_AUTORELEASING = YES;
				CLANG_WARN_BOOL_CONVERSION = YES;
				CLANG_WARN_COMMA = YES;
				CLANG_WARN_CONSTANT_CONVERSION = YES;
				CLANG_WARN_DEPRECATED_OBJC_IMPLEMENTATIONS = YES;
				CLANG_WARN_DIRECT_OBJC_ISA_USAGE = YES_ERROR;
				CLANG_WARN_DOCUMENTATION_COMMENTS = YES;
				CLANG_WARN_EMPTY_BODY = YES;
				CLANG_WARN_ENUM_CONVERSION = YES;
				CLANG_WARN_INFINITE_RECURSION = YES;
				CLANG_WARN_INT_CONVERSION = YES;
				CLANG_WARN_NON_LITERAL_NULL_CONVERSION = YES;
				CLANG_WARN_OBJC_IMPLICIT_RETAIN_SELF = YES;
				CLANG_WARN_OBJC_LITERAL_CONVERSION = YES;
				CLANG_WARN_OBJC_ROOT_CLASS = YES_ERROR;
				CLANG_WARN_QUOTED_INCLUDE_IN_FRAMEWORK_HEADER = YES;
				CLANG_WARN_RANGE_LOOP_ANALYSIS = YES;
				CLANG_WARN_STRICT_PROTOTYPES = YES;
				CLANG_WARN_SUSPICIOUS_MOVE = YES;
				CLANG_WARN_UNGUARDED_AVAILABILITY = YES_AGGRESSIVE;
				CLANG_WARN_UNREACHABLE_CODE = YES;
				CLANG_WARN__DUPLICATE_METHOD_MATCH = YES;
				COPY_PHASE_STRIP = NO;
				DEBUG_INFORMATION_FORMAT = "dwarf-with-dsym";
				ENABLE_NS_ASSERTIONS = NO;
				ENABLE_STRICT_OBJC_MSGSEND = YES;
				GCC_C_LANGUAGE_STANDARD = gnu11;
				GCC_NO_COMMON_BLOCKS = YES;
				GCC_WARN_64_TO_32_BIT_CONVERSION = YES;
				GCC_WARN_ABOUT_RETURN_TYPE = YES_ERROR;
				GCC_WARN_UNDECLARED_SELECTOR = YES;
				GCC_WARN_UNINITIALIZED_AUTOS = YES_AGGRESSIVE;
				GCC_WARN_UNUSED_FUNCTION = YES;
				GCC_WARN_UNUSED_VARIABLE = YES;
				MTL_ENABLE_DEBUG_INFO = NO;
				MTL_FAST_MATH = YES;
				SWIFT_COMPILATION_MODE = wholemodule;
				SWIFT_OPTIMIZATION_LEVEL = "-O";
			};
			name = Release;
		};
		0AC28BFC29A273FD00EEE8FB /* Debug */ = {
			isa = XCBuildConfiguration;
			buildSettings = {
				ASSETCATALOG_COMPILER_APPICON_NAME = AppIcon;
				ASSETCATALOG_COMPILER_GLOBAL_ACCENT_COLOR_NAME = AccentColor;
				CODE_SIGN_ENTITLEMENTS = OpenPhyboxSwift/OpenPhyboxSwift.entitlements;
				CODE_SIGN_STYLE = Automatic;
				CURRENT_PROJECT_VERSION = 1;
				DEVELOPMENT_ASSET_PATHS = "\"OpenPhyboxSwift/Preview Content\"";
				DEVELOPMENT_TEAM = PBYG8F53RH;
				ENABLE_HARDENED_RUNTIME = YES;
				ENABLE_PREVIEWS = YES;
				GENERATE_INFOPLIST_FILE = YES;
				INFOPLIST_FILE = OpenPhyboxSwift/Info.plist;
				INFOPLIST_KEY_LSApplicationCategoryType = "public.app-category.education";
				INFOPLIST_KEY_NSBluetoothAlwaysUsageDescription = "Bluetooth is needed in order to access the Open Phybox peripheral";
				INFOPLIST_KEY_NSBluetoothPeripheralUsageDescription = "Bluetooth is needed in order to access the Open Phybox peripheral";
				"INFOPLIST_KEY_UIApplicationSceneManifest_Generation[sdk=iphoneos*]" = YES;
				"INFOPLIST_KEY_UIApplicationSceneManifest_Generation[sdk=iphonesimulator*]" = YES;
				"INFOPLIST_KEY_UIApplicationSupportsIndirectInputEvents[sdk=iphoneos*]" = YES;
				"INFOPLIST_KEY_UIApplicationSupportsIndirectInputEvents[sdk=iphonesimulator*]" = YES;
				"INFOPLIST_KEY_UILaunchScreen_Generation[sdk=iphoneos*]" = YES;
				"INFOPLIST_KEY_UILaunchScreen_Generation[sdk=iphonesimulator*]" = YES;
				"INFOPLIST_KEY_UIStatusBarStyle[sdk=iphoneos*]" = UIStatusBarStyleDefault;
				"INFOPLIST_KEY_UIStatusBarStyle[sdk=iphonesimulator*]" = UIStatusBarStyleDefault;
				INFOPLIST_KEY_UISupportedInterfaceOrientations_iPad = "UIInterfaceOrientationPortrait UIInterfaceOrientationPortraitUpsideDown UIInterfaceOrientationLandscapeLeft UIInterfaceOrientationLandscapeRight";
				INFOPLIST_KEY_UISupportedInterfaceOrientations_iPhone = "UIInterfaceOrientationPortrait UIInterfaceOrientationLandscapeLeft UIInterfaceOrientationLandscapeRight";
				IPHONEOS_DEPLOYMENT_TARGET = 16.0;
				LD_RUNPATH_SEARCH_PATHS = "@executable_path/Frameworks";
				"LD_RUNPATH_SEARCH_PATHS[sdk=macosx*]" = "@executable_path/../Frameworks";
				MACOSX_DEPLOYMENT_TARGET = 13.0;
				MARKETING_VERSION = 0.1.0;
				PRODUCT_BUNDLE_IDENTIFIER = "com.julian-baumann.OpenPhybox";
				PRODUCT_NAME = "$(TARGET_NAME)";
				SDKROOT = auto;
				SUPPORTED_PLATFORMS = "iphoneos iphonesimulator macosx";
				SWIFT_EMIT_LOC_STRINGS = YES;
				SWIFT_VERSION = 5.0;
				TARGETED_DEVICE_FAMILY = "1,2";
			};
			name = Debug;
		};
		0AC28BFD29A273FD00EEE8FB /* Release */ = {
			isa = XCBuildConfiguration;
			buildSettings = {
				ASSETCATALOG_COMPILER_APPICON_NAME = AppIcon;
				ASSETCATALOG_COMPILER_GLOBAL_ACCENT_COLOR_NAME = AccentColor;
				CODE_SIGN_ENTITLEMENTS = OpenPhyboxSwift/OpenPhyboxSwift.entitlements;
				CODE_SIGN_STYLE = Automatic;
				CURRENT_PROJECT_VERSION = 1;
				DEVELOPMENT_ASSET_PATHS = "\"OpenPhyboxSwift/Preview Content\"";
				DEVELOPMENT_TEAM = PBYG8F53RH;
				ENABLE_HARDENED_RUNTIME = YES;
				ENABLE_PREVIEWS = YES;
				GENERATE_INFOPLIST_FILE = YES;
				INFOPLIST_FILE = OpenPhyboxSwift/Info.plist;
				INFOPLIST_KEY_LSApplicationCategoryType = "public.app-category.education";
				INFOPLIST_KEY_NSBluetoothAlwaysUsageDescription = "Bluetooth is needed in order to access the Open Phybox peripheral";
				INFOPLIST_KEY_NSBluetoothPeripheralUsageDescription = "Bluetooth is needed in order to access the Open Phybox peripheral";
				"INFOPLIST_KEY_UIApplicationSceneManifest_Generation[sdk=iphoneos*]" = YES;
				"INFOPLIST_KEY_UIApplicationSceneManifest_Generation[sdk=iphonesimulator*]" = YES;
				"INFOPLIST_KEY_UIApplicationSupportsIndirectInputEvents[sdk=iphoneos*]" = YES;
				"INFOPLIST_KEY_UIApplicationSupportsIndirectInputEvents[sdk=iphonesimulator*]" = YES;
				"INFOPLIST_KEY_UILaunchScreen_Generation[sdk=iphoneos*]" = YES;
				"INFOPLIST_KEY_UILaunchScreen_Generation[sdk=iphonesimulator*]" = YES;
				"INFOPLIST_KEY_UIStatusBarStyle[sdk=iphoneos*]" = UIStatusBarStyleDefault;
				"INFOPLIST_KEY_UIStatusBarStyle[sdk=iphonesimulator*]" = UIStatusBarStyleDefault;
				INFOPLIST_KEY_UISupportedInterfaceOrientations_iPad = "UIInterfaceOrientationPortrait UIInterfaceOrientationPortraitUpsideDown UIInterfaceOrientationLandscapeLeft UIInterfaceOrientationLandscapeRight";
				INFOPLIST_KEY_UISupportedInterfaceOrientations_iPhone = "UIInterfaceOrientationPortrait UIInterfaceOrientationLandscapeLeft UIInterfaceOrientationLandscapeRight";
				IPHONEOS_DEPLOYMENT_TARGET = 16.0;
				LD_RUNPATH_SEARCH_PATHS = "@executable_path/Frameworks";
				"LD_RUNPATH_SEARCH_PATHS[sdk=macosx*]" = "@executable_path/../Frameworks";
				MACOSX_DEPLOYMENT_TARGET = 13.0;
				MARKETING_VERSION = 0.1.0;
				PRODUCT_BUNDLE_IDENTIFIER = "com.julian-baumann.OpenPhybox";
				PRODUCT_NAME = "$(TARGET_NAME)";
				SDKROOT = auto;
				SUPPORTED_PLATFORMS = "iphoneos iphonesimulator macosx";
				SWIFT_EMIT_LOC_STRINGS = YES;
				SWIFT_VERSION = 5.0;
				TARGETED_DEVICE_FAMILY = "1,2";
			};
			name = Release;
		};
/* End XCBuildConfiguration section */

/* Begin XCConfigurationList section */
		0AC28BE729A273FC00EEE8FB /* Build configuration list for PBXProject "OpenPhyboxSwift" */ = {
			isa = XCConfigurationList;
			buildConfigurations = (
				0AC28BF929A273FD00EEE8FB /* Debug */,
				0AC28BFA29A273FD00EEE8FB /* Release */,
			);
			defaultConfigurationIsVisible = 0;
			defaultConfigurationName = Release;
		};
		0AC28BFB29A273FD00EEE8FB /* Build configuration list for PBXNativeTarget "OpenPhyboxSwift" */ = {
			isa = XCConfigurationList;
			buildConfigurations = (
				0AC28BFC29A273FD00EEE8FB /* Debug */,
				0AC28BFD29A273FD00EEE8FB /* Release */,
			);
			defaultConfigurationIsVisible = 0;
			defaultConfigurationName = Release;
		};
/* End XCConfigurationList section */
	};
	rootObject = 0AC28BE429A273FC00EEE8FB /* Project object */;
}
